// !$*UTF8*$!
{
	archiveVersion = 1;
	classes = {
	};
	objectVersion = 56;
	objects = {

/* Begin PBXBuildFile section */
		D3679D1D2B9DD626004508E3 /* AppDelegate.swift in Sources */ = {isa = PBXBuildFile; fileRef = D3679D1C2B9DD626004508E3 /* AppDelegate.swift */; };
		D3679D1F2B9DD626004508E3 /* SceneDelegate.swift in Sources */ = {isa = PBXBuildFile; fileRef = D3679D1E2B9DD626004508E3 /* SceneDelegate.swift */; };
		D3679D242B9DD626004508E3 /* Base in Resources */ = {isa = PBXBuildFile; fileRef = D3679D232B9DD626004508E3 /* Base */; };
		D3679D262B9DD628004508E3 /* Assets.xcassets in Resources */ = {isa = PBXBuildFile; fileRef = D3679D252B9DD628004508E3 /* Assets.xcassets */; };
		D3679D292B9DD628004508E3 /* Base in Resources */ = {isa = PBXBuildFile; fileRef = D3679D282B9DD628004508E3 /* Base */; };
		D3679D342B9DDECB004508E3 /* scoresdata.json in Resources */ = {isa = PBXBuildFile; fileRef = D3679D332B9DDECB004508E3 /* scoresdata.json */; };
		D3679D362B9DDF32004508E3 /* Scores.swift in Sources */ = {isa = PBXBuildFile; fileRef = D3679D352B9DDF32004508E3 /* Scores.swift */; };
		D3679D392B9DE7A3004508E3 /* DataInteractor.swift in Sources */ = {isa = PBXBuildFile; fileRef = D3679D382B9DE7A3004508E3 /* DataInteractor.swift */; };
		D3679D3C2B9DEC2C004508E3 /* ScoreLogic.swift in Sources */ = {isa = PBXBuildFile; fileRef = D3679D3B2B9DEC2C004508E3 /* ScoreLogic.swift */; };
		D3679D3F2B9DF499004508E3 /* DataPreview.swift in Sources */ = {isa = PBXBuildFile; fileRef = D3679D3E2B9DF499004508E3 /* DataPreview.swift */; };
		D3679D412B9DF4C5004508E3 /* scoresdatatest.json in Resources */ = {isa = PBXBuildFile; fileRef = D3679D402B9DF4C5004508E3 /* scoresdatatest.json */; };
		D3679D442B9E3CAB004508E3 /* JSONLoader.swift in Sources */ = {isa = PBXBuildFile; fileRef = D3679D432B9E3CAB004508E3 /* JSONLoader.swift */; };
		D3679D482B9E406E004508E3 /* ScoresTableViewController.swift in Sources */ = {isa = PBXBuildFile; fileRef = D3679D472B9E406E004508E3 /* ScoresTableViewController.swift */; };
/* End PBXBuildFile section */

/* Begin PBXFileReference section */
		D3679D192B9DD626004508E3 /* UIKiyJueves.app */ = {isa = PBXFileReference; explicitFileType = wrapper.application; includeInIndex = 0; path = UIKiyJueves.app; sourceTree = BUILT_PRODUCTS_DIR; };
		D3679D1C2B9DD626004508E3 /* AppDelegate.swift */ = {isa = PBXFileReference; lastKnownFileType = sourcecode.swift; path = AppDelegate.swift; sourceTree = "<group>"; };
		D3679D1E2B9DD626004508E3 /* SceneDelegate.swift */ = {isa = PBXFileReference; lastKnownFileType = sourcecode.swift; path = SceneDelegate.swift; sourceTree = "<group>"; };
		D3679D232B9DD626004508E3 /* Base */ = {isa = PBXFileReference; lastKnownFileType = file.storyboard; name = Base; path = Base.lproj/Main.storyboard; sourceTree = "<group>"; };
		D3679D252B9DD628004508E3 /* Assets.xcassets */ = {isa = PBXFileReference; lastKnownFileType = folder.assetcatalog; path = Assets.xcassets; sourceTree = "<group>"; };
		D3679D282B9DD628004508E3 /* Base */ = {isa = PBXFileReference; lastKnownFileType = file.storyboard; name = Base; path = Base.lproj/LaunchScreen.storyboard; sourceTree = "<group>"; };
		D3679D2A2B9DD628004508E3 /* Info.plist */ = {isa = PBXFileReference; lastKnownFileType = text.plist.xml; path = Info.plist; sourceTree = "<group>"; };
		D3679D332B9DDECB004508E3 /* scoresdata.json */ = {isa = PBXFileReference; fileEncoding = 4; lastKnownFileType = text.json; path = scoresdata.json; sourceTree = "<group>"; };
		D3679D352B9DDF32004508E3 /* Scores.swift */ = {isa = PBXFileReference; lastKnownFileType = sourcecode.swift; path = Scores.swift; sourceTree = "<group>"; };
		D3679D382B9DE7A3004508E3 /* DataInteractor.swift */ = {isa = PBXFileReference; lastKnownFileType = sourcecode.swift; path = DataInteractor.swift; sourceTree = "<group>"; };
		D3679D3B2B9DEC2C004508E3 /* ScoreLogic.swift */ = {isa = PBXFileReference; lastKnownFileType = sourcecode.swift; path = ScoreLogic.swift; sourceTree = "<group>"; };
		D3679D3E2B9DF499004508E3 /* DataPreview.swift */ = {isa = PBXFileReference; lastKnownFileType = sourcecode.swift; path = DataPreview.swift; sourceTree = "<group>"; };
		D3679D402B9DF4C5004508E3 /* scoresdatatest.json */ = {isa = PBXFileReference; fileEncoding = 4; lastKnownFileType = text.json; path = scoresdatatest.json; sourceTree = "<group>"; };
		D3679D432B9E3CAB004508E3 /* JSONLoader.swift */ = {isa = PBXFileReference; lastKnownFileType = sourcecode.swift; path = JSONLoader.swift; sourceTree = "<group>"; };
		D3679D472B9E406E004508E3 /* ScoresTableViewController.swift */ = {isa = PBXFileReference; lastKnownFileType = sourcecode.swift; path = ScoresTableViewController.swift; sourceTree = "<group>"; };
/* End PBXFileReference section */

/* Begin PBXFrameworksBuildPhase section */
		D3679D162B9DD626004508E3 /* Frameworks */ = {
			isa = PBXFrameworksBuildPhase;
			buildActionMask = 2147483647;
			files = (
			);
			runOnlyForDeploymentPostprocessing = 0;
		};
/* End PBXFrameworksBuildPhase section */

/* Begin PBXGroup section */
		D3679D102B9DD626004508E3 = {
			isa = PBXGroup;
			children = (
				D3679D1B2B9DD626004508E3 /* UIKiyJueves */,
				D3679D1A2B9DD626004508E3 /* Products */,
			);
			sourceTree = "<group>";
		};
		D3679D1A2B9DD626004508E3 /* Products */ = {
			isa = PBXGroup;
			children = (
				D3679D192B9DD626004508E3 /* UIKiyJueves.app */,
			);
			name = Products;
			sourceTree = "<group>";
		};
		D3679D1B2B9DD626004508E3 /* UIKiyJueves */ = {
			isa = PBXGroup;
			children = (
				D3679D222B9DD626004508E3 /* Main.storyboard */,
				D3679D472B9E406E004508E3 /* ScoresTableViewController.swift */,
				D3679D3A2B9DEC16004508E3 /* Logic */,
				D3679D372B9DE720004508E3 /* Interactor */,
				D3679D252B9DD628004508E3 /* Assets.xcassets */,
				D3679D312B9DDDFF004508E3 /* Model */,
				D3679D322B9DDE82004508E3 /* Resources */,
				D3679D302B9DD65C004508E3 /* System */,
				D3679D3D2B9DF222004508E3 /* TestContent */,
			);
			path = UIKiyJueves;
			sourceTree = "<group>";
		};
		D3679D302B9DD65C004508E3 /* System */ = {
			isa = PBXGroup;
			children = (
				D3679D1C2B9DD626004508E3 /* AppDelegate.swift */,
				D3679D1E2B9DD626004508E3 /* SceneDelegate.swift */,
				D3679D272B9DD628004508E3 /* LaunchScreen.storyboard */,
				D3679D2A2B9DD628004508E3 /* Info.plist */,
			);
			name = System;
			sourceTree = "<group>";
		};
		D3679D312B9DDDFF004508E3 /* Model */ = {
			isa = PBXGroup;
			children = (
				D3679D352B9DDF32004508E3 /* Scores.swift */,
			);
			name = Model;
			sourceTree = "<group>";
		};
		D3679D322B9DDE82004508E3 /* Resources */ = {
			isa = PBXGroup;
			children = (
				D3679D332B9DDECB004508E3 /* scoresdata.json */,
			);
			name = Resources;
			sourceTree = "<group>";
		};
		D3679D372B9DE720004508E3 /* Interactor */ = {
			isa = PBXGroup;
			children = (
				D3679D382B9DE7A3004508E3 /* DataInteractor.swift */,
				D3679D432B9E3CAB004508E3 /* JSONLoader.swift */,
			);
			name = Interactor;
			sourceTree = "<group>";
		};
		D3679D3A2B9DEC16004508E3 /* Logic */ = {
			isa = PBXGroup;
			children = (
				D3679D3B2B9DEC2C004508E3 /* ScoreLogic.swift */,
			);
			name = Logic;
			sourceTree = "<group>";
		};
		D3679D3D2B9DF222004508E3 /* TestContent */ = {
			isa = PBXGroup;
			children = (
				D3679D3E2B9DF499004508E3 /* DataPreview.swift */,
				D3679D402B9DF4C5004508E3 /* scoresdatatest.json */,
			);
			path = TestContent;
			sourceTree = "<group>";
		};
/* End PBXGroup section */

/* Begin PBXNativeTarget section */
		D3679D182B9DD626004508E3 /* UIKiyJueves */ = {
			isa = PBXNativeTarget;
			buildConfigurationList = D3679D2D2B9DD628004508E3 /* Build configuration list for PBXNativeTarget "UIKiyJueves" */;
			buildPhases = (
				D3679D152B9DD626004508E3 /* Sources */,
				D3679D162B9DD626004508E3 /* Frameworks */,
				D3679D172B9DD626004508E3 /* Resources */,
			);
			buildRules = (
			);
			dependencies = (
			);
			name = UIKiyJueves;
			productName = UIKiyJueves;
			productReference = D3679D192B9DD626004508E3 /* UIKiyJueves.app */;
			productType = "com.apple.product-type.application";
		};
/* End PBXNativeTarget section */

/* Begin PBXProject section */
		D3679D112B9DD626004508E3 /* Project object */ = {
			isa = PBXProject;
			attributes = {
				BuildIndependentTargetsInParallel = 1;
				LastSwiftUpdateCheck = 1530;
				LastUpgradeCheck = 1530;
				TargetAttributes = {
					D3679D182B9DD626004508E3 = {
						CreatedOnToolsVersion = 15.3;
					};
				};
			};
			buildConfigurationList = D3679D142B9DD626004508E3 /* Build configuration list for PBXProject "UIKiyJueves" */;
			compatibilityVersion = "Xcode 14.0";
			developmentRegion = en;
			hasScannedForEncodings = 0;
			knownRegions = (
				en,
				Base,
			);
			mainGroup = D3679D102B9DD626004508E3;
			productRefGroup = D3679D1A2B9DD626004508E3 /* Products */;
			projectDirPath = "";
			projectRoot = "";
			targets = (
				D3679D182B9DD626004508E3 /* UIKiyJueves */,
			);
		};
/* End PBXProject section */

/* Begin PBXResourcesBuildPhase section */
		D3679D172B9DD626004508E3 /* Resources */ = {
			isa = PBXResourcesBuildPhase;
			buildActionMask = 2147483647;
			files = (
				D3679D342B9DDECB004508E3 /* scoresdata.json in Resources */,
				D3679D262B9DD628004508E3 /* Assets.xcassets in Resources */,
				D3679D292B9DD628004508E3 /* Base in Resources */,
				D3679D412B9DF4C5004508E3 /* scoresdatatest.json in Resources */,
				D3679D242B9DD626004508E3 /* Base in Resources */,
			);
			runOnlyForDeploymentPostprocessing = 0;
		};
/* End PBXResourcesBuildPhase section */

/* Begin PBXSourcesBuildPhase section */
		D3679D152B9DD626004508E3 /* Sources */ = {
			isa = PBXSourcesBuildPhase;
			buildActionMask = 2147483647;
			files = (
				D3679D482B9E406E004508E3 /* ScoresTableViewController.swift in Sources */,
				D3679D392B9DE7A3004508E3 /* DataInteractor.swift in Sources */,
				D3679D3C2B9DEC2C004508E3 /* ScoreLogic.swift in Sources */,
				D3679D3F2B9DF499004508E3 /* DataPreview.swift in Sources */,
				D3679D442B9E3CAB004508E3 /* JSONLoader.swift in Sources */,
				D3679D1D2B9DD626004508E3 /* AppDelegate.swift in Sources */,
				D3679D362B9DDF32004508E3 /* Scores.swift in Sources */,
				D3679D1F2B9DD626004508E3 /* SceneDelegate.swift in Sources */,
			);
			runOnlyForDeploymentPostprocessing = 0;
		};
/* End PBXSourcesBuildPhase section */

/* Begin PBXVariantGroup section */
		D3679D222B9DD626004508E3 /* Main.storyboard */ = {
			isa = PBXVariantGroup;
			children = (
				D3679D232B9DD626004508E3 /* Base */,
			);
			name = Main.storyboard;
			sourceTree = "<group>";
		};
		D3679D272B9DD628004508E3 /* LaunchScreen.storyboard */ = {
			isa = PBXVariantGroup;
			children = (
				D3679D282B9DD628004508E3 /* Base */,
			);
			name = LaunchScreen.storyboard;
			sourceTree = "<group>";
		};
/* End PBXVariantGroup section */

/* Begin XCBuildConfiguration section */
		D3679D2B2B9DD628004508E3 /* Debug */ = {
			isa = XCBuildConfiguration;
			buildSettings = {
				ALWAYS_SEARCH_USER_PATHS = NO;
				ASSETCATALOG_COMPILER_GENERATE_SWIFT_ASSET_SYMBOL_EXTENSIONS = YES;
				CLANG_ANALYZER_NONNULL = YES;
				CLANG_ANALYZER_NUMBER_OBJECT_CONVERSION = YES_AGGRESSIVE;
				CLANG_CXX_LANGUAGE_STANDARD = "gnu++20";
				CLANG_ENABLE_MODULES = YES;
				CLANG_ENABLE_OBJC_ARC = YES;
				CLANG_ENABLE_OBJC_WEAK = YES;
				CLANG_WARN_BLOCK_CAPTURE_AUTORELEASING = YES;
				CLANG_WARN_BOOL_CONVERSION = YES;
				CLANG_WARN_COMMA = YES;
				CLANG_WARN_CONSTANT_CONVERSION = YES;
				CLANG_WARN_DEPRECATED_OBJC_IMPLEMENTATIONS = YES;
				CLANG_WARN_DIRECT_OBJC_ISA_USAGE = YES_ERROR;
				CLANG_WARN_DOCUMENTATION_COMMENTS = YES;
				CLANG_WARN_EMPTY_BODY = YES;
				CLANG_WARN_ENUM_CONVERSION = YES;
				CLANG_WARN_INFINITE_RECURSION = YES;
				CLANG_WARN_INT_CONVERSION = YES;
				CLANG_WARN_NON_LITERAL_NULL_CONVERSION = YES;
				CLANG_WARN_OBJC_IMPLICIT_RETAIN_SELF = YES;
				CLANG_WARN_OBJC_LITERAL_CONVERSION = YES;
				CLANG_WARN_OBJC_ROOT_CLASS = YES_ERROR;
				CLANG_WARN_QUOTED_INCLUDE_IN_FRAMEWORK_HEADER = YES;
				CLANG_WARN_RANGE_LOOP_ANALYSIS = YES;
				CLANG_WARN_STRICT_PROTOTYPES = YES;
				CLANG_WARN_SUSPICIOUS_MOVE = YES;
				CLANG_WARN_UNGUARDED_AVAILABILITY = YES_AGGRESSIVE;
				CLANG_WARN_UNREACHABLE_CODE = YES;
				CLANG_WARN__DUPLICATE_METHOD_MATCH = YES;
				COPY_PHASE_STRIP = NO;
				DEBUG_INFORMATION_FORMAT = dwarf;
				ENABLE_STRICT_OBJC_MSGSEND = YES;
				ENABLE_TESTABILITY = YES;
				ENABLE_USER_SCRIPT_SANDBOXING = YES;
				GCC_C_LANGUAGE_STANDARD = gnu17;
				GCC_DYNAMIC_NO_PIC = NO;
				GCC_NO_COMMON_BLOCKS = YES;
				GCC_OPTIMIZATION_LEVEL = 0;
				GCC_PREPROCESSOR_DEFINITIONS = (
					"DEBUG=1",
					"$(inherited)",
				);
				GCC_WARN_64_TO_32_BIT_CONVERSION = YES;
				GCC_WARN_ABOUT_RETURN_TYPE = YES_ERROR;
				GCC_WARN_UNDECLARED_SELECTOR = YES;
				GCC_WARN_UNINITIALIZED_AUTOS = YES_AGGRESSIVE;
				GCC_WARN_UNUSED_FUNCTION = YES;
				GCC_WARN_UNUSED_VARIABLE = YES;
				IPHONEOS_DEPLOYMENT_TARGET = 17.4;
				LOCALIZATION_PREFERS_STRING_CATALOGS = YES;
				MTL_ENABLE_DEBUG_INFO = INCLUDE_SOURCE;
				MTL_FAST_MATH = YES;
				ONLY_ACTIVE_ARCH = YES;
				SDKROOT = iphoneos;
				SWIFT_ACTIVE_COMPILATION_CONDITIONS = "DEBUG $(inherited)";
				SWIFT_OPTIMIZATION_LEVEL = "-Onone";
			};
			name = Debug;
		};
		D3679D2C2B9DD628004508E3 /* Release */ = {
			isa = XCBuildConfiguration;
			buildSettings = {
				ALWAYS_SEARCH_USER_PATHS = NO;
				ASSETCATALOG_COMPILER_GENERATE_SWIFT_ASSET_SYMBOL_EXTENSIONS = YES;
				CLANG_ANALYZER_NONNULL = YES;
				CLANG_ANALYZER_NUMBER_OBJECT_CONVERSION = YES_AGGRESSIVE;
				CLANG_CXX_LANGUAGE_STANDARD = "gnu++20";
				CLANG_ENABLE_MODULES = YES;
				CLANG_ENABLE_OBJC_ARC = YES;
				CLANG_ENABLE_OBJC_WEAK = YES;
				CLANG_WARN_BLOCK_CAPTURE_AUTORELEASING = YES;
				CLANG_WARN_BOOL_CONVERSION = YES;
				CLANG_WARN_COMMA = YES;
				CLANG_WARN_CONSTANT_CONVERSION = YES;
				CLANG_WARN_DEPRECATED_OBJC_IMPLEMENTATIONS = YES;
				CLANG_WARN_DIRECT_OBJC_ISA_USAGE = YES_ERROR;
				CLANG_WARN_DOCUMENTATION_COMMENTS = YES;
				CLANG_WARN_EMPTY_BODY = YES;
				CLANG_WARN_ENUM_CONVERSION = YES;
				CLANG_WARN_INFINITE_RECURSION = YES;
				CLANG_WARN_INT_CONVERSION = YES;
				CLANG_WARN_NON_LITERAL_NULL_CONVERSION = YES;
				CLANG_WARN_OBJC_IMPLICIT_RETAIN_SELF = YES;
				CLANG_WARN_OBJC_LITERAL_CONVERSION = YES;
				CLANG_WARN_OBJC_ROOT_CLASS = YES_ERROR;
				CLANG_WARN_QUOTED_INCLUDE_IN_FRAMEWORK_HEADER = YES;
				CLANG_WARN_RANGE_LOOP_ANALYSIS = YES;
				CLANG_WARN_STRICT_PROTOTYPES = YES;
				CLANG_WARN_SUSPICIOUS_MOVE = YES;
				CLANG_WARN_UNGUARDED_AVAILABILITY = YES_AGGRESSIVE;
				CLANG_WARN_UNREACHABLE_CODE = YES;
				CLANG_WARN__DUPLICATE_METHOD_MATCH = YES;
				COPY_PHASE_STRIP = NO;
				DEBUG_INFORMATION_FORMAT = "dwarf-with-dsym";
				ENABLE_NS_ASSERTIONS = NO;
				ENABLE_STRICT_OBJC_MSGSEND = YES;
				ENABLE_USER_SCRIPT_SANDBOXING = YES;
				GCC_C_LANGUAGE_STANDARD = gnu17;
				GCC_NO_COMMON_BLOCKS = YES;
				GCC_WARN_64_TO_32_BIT_CONVERSION = YES;
				GCC_WARN_ABOUT_RETURN_TYPE = YES_ERROR;
				GCC_WARN_UNDECLARED_SELECTOR = YES;
				GCC_WARN_UNINITIALIZED_AUTOS = YES_AGGRESSIVE;
				GCC_WARN_UNUSED_FUNCTION = YES;
				GCC_WARN_UNUSED_VARIABLE = YES;
				IPHONEOS_DEPLOYMENT_TARGET = 17.4;
				LOCALIZATION_PREFERS_STRING_CATALOGS = YES;
				MTL_ENABLE_DEBUG_INFO = NO;
				MTL_FAST_MATH = YES;
				SDKROOT = iphoneos;
				SWIFT_COMPILATION_MODE = wholemodule;
				VALIDATE_PRODUCT = YES;
			};
			name = Release;
		};
		D3679D2E2B9DD628004508E3 /* Debug */ = {
			isa = XCBuildConfiguration;
			buildSettings = {
				ASSETCATALOG_COMPILER_APPICON_NAME = AppIcon;
				ASSETCATALOG_COMPILER_GLOBAL_ACCENT_COLOR_NAME = AccentColor;
				CODE_SIGN_STYLE = Automatic;
				CURRENT_PROJECT_VERSION = 1;
				DEVELOPMENT_ASSET_PATHS = UIKiyJueves/TestContent;
				DEVELOPMENT_TEAM = L46T9NVJ2U;
				GENERATE_INFOPLIST_FILE = YES;
				INFOPLIST_FILE = UIKiyJueves/Info.plist;
				INFOPLIST_KEY_CFBundleDisplayName = Scores;
				INFOPLIST_KEY_LSApplicationCategoryType = "public.app-category.entertainment";
				INFOPLIST_KEY_UIApplicationSupportsIndirectInputEvents = YES;
				INFOPLIST_KEY_UILaunchStoryboardName = LaunchScreen;
				INFOPLIST_KEY_UIMainStoryboardFile = Main;
				INFOPLIST_KEY_UISupportedInterfaceOrientations_iPad = "UIInterfaceOrientationPortrait UIInterfaceOrientationPortraitUpsideDown UIInterfaceOrientationLandscapeLeft UIInterfaceOrientationLandscapeRight";
				INFOPLIST_KEY_UISupportedInterfaceOrientations_iPhone = "UIInterfaceOrientationPortrait UIInterfaceOrientationLandscapeLeft UIInterfaceOrientationLandscapeRight";
				LD_RUNPATH_SEARCH_PATHS = (
					"$(inherited)",
					"@executable_path/Frameworks",
				);
				MARKETING_VERSION = 1.0;
				PRODUCT_BUNDLE_IDENTIFIER = com.fmalourarte.UIKiyJueves;
				PRODUCT_NAME = "$(TARGET_NAME)";
				SWIFT_EMIT_LOC_STRINGS = YES;
				SWIFT_VERSION = 5.0;
				TARGETED_DEVICE_FAMILY = "1,2";
			};
			name = Debug;
		};
		D3679D2F2B9DD628004508E3 /* Release */ = {
			isa = XCBuildConfiguration;
			buildSettings = {
				ASSETCATALOG_COMPILER_APPICON_NAME = AppIcon;
				ASSETCATALOG_COMPILER_GLOBAL_ACCENT_COLOR_NAME = AccentColor;
				CODE_SIGN_STYLE = Automatic;
				CURRENT_PROJECT_VERSION = 1;
				DEVELOPMENT_ASSET_PATHS = UIKiyJueves/TestContent;
				DEVELOPMENT_TEAM = L46T9NVJ2U;
				GENERATE_INFOPLIST_FILE = YES;
				INFOPLIST_FILE = UIKiyJueves/Info.plist;
				INFOPLIST_KEY_CFBundleDisplayName = Scores;
				INFOPLIST_KEY_LSApplicationCategoryType = "public.app-category.entertainment";
				INFOPLIST_KEY_UIApplicationSupportsIndirectInputEvents = YES;
				INFOPLIST_KEY_UILaunchStoryboardName = LaunchScreen;
				INFOPLIST_KEY_UIMainStoryboardFile = Main;
				INFOPLIST_KEY_UISupportedInterfaceOrientations_iPad = "UIInterfaceOrientationPortrait UIInterfaceOrientationPortraitUpsideDown UIInterfaceOrientationLandscapeLeft UIInterfaceOrientationLandscapeRight";
				INFOPLIST_KEY_UISupportedInterfaceOrientations_iPhone = "UIInterfaceOrientationPortrait UIInterfaceOrientationLandscapeLeft UIInterfaceOrientationLandscapeRight";
				LD_RUNPATH_SEARCH_PATHS = (
					"$(inherited)",
					"@executable_path/Frameworks",
				);
				MARKETING_VERSION = 1.0;
				PRODUCT_BUNDLE_IDENTIFIER = com.fmalourarte.UIKiyJueves;
				PRODUCT_NAME = "$(TARGET_NAME)";
				SWIFT_EMIT_LOC_STRINGS = YES;
				SWIFT_VERSION = 5.0;
				TARGETED_DEVICE_FAMILY = "1,2";
			};
			name = Release;
		};
/* End XCBuildConfiguration section */

/* Begin XCConfigurationList section */
		D3679D142B9DD626004508E3 /* Build configuration list for PBXProject "UIKiyJueves" */ = {
			isa = XCConfigurationList;
			buildConfigurations = (
				D3679D2B2B9DD628004508E3 /* Debug */,
				D3679D2C2B9DD628004508E3 /* Release */,
			);
			defaultConfigurationIsVisible = 0;
			defaultConfigurationName = Release;
		};
		D3679D2D2B9DD628004508E3 /* Build configuration list for PBXNativeTarget "UIKiyJueves" */ = {
			isa = XCConfigurationList;
			buildConfigurations = (
				D3679D2E2B9DD628004508E3 /* Debug */,
				D3679D2F2B9DD628004508E3 /* Release */,
			);
			defaultConfigurationIsVisible = 0;
			defaultConfigurationName = Release;
		};
/* End XCConfigurationList section */
	};
	rootObject = D3679D112B9DD626004508E3 /* Project object */;
}
